<?xml version="1.0" encoding="utf-8"?>
<Project ToolsVersion="4.0" xmlns="http://schemas.microsoft.com/developer/msbuild/2003">
  <ItemGroup>
    <Filter Include="Common">
      <UniqueIdentifier>d4a46bcb-7e66-41e6-8f4b-cc9e870f7ecc</UniqueIdentifier>
    </Filter>
    <Filter Include="Assets">
      <UniqueIdentifier>9b0c6983-910c-432f-a280-7200eb685e73</UniqueIdentifier>
      <Extensions>ico;cur;bmp;dds;dlg;fbx;rct;bin;rgs;gif;jpg;jpeg;jpe;resx;tga;tiff;tif;png;wav;mfcribbon-ms</Extensions>
    </Filter>
    <Filter Include="Shaders">
      <UniqueIdentifier>{7c825b67-a662-4194-b491-124edf996bc1}</UniqueIdentifier>
    </Filter>
  </ItemGroup>
  <ItemGroup>
    <ClInclude Include="pch.h" />
    <ClInclude Include="Game\Game.h" />
    <ClInclude Include="Game\StepTimer.h">
      <Filter>Common</Filter>
    </ClInclude>
    <ClInclude Include="Modules\Render\Materials\RMaterial.h" />
    <ClInclude Include="Modules\Render\RenderDefs.h" />
    <ClInclude Include="Modules\Render\D3D11\D3D11Renderer.h" />
    <ClInclude Include="Modules\Render\RTexture.h" />
    <ClInclude Include="Modules\Render\RMeshGeometry.h" />
    <ClInclude Include="Modules\Render\RShader.h" />
    <ClInclude Include="Game\Components\MeshComponent.h" />
    <ClInclude Include="Modules\Render\D3D11\D3DUtil.h" />
    <ClInclude Include="Modules\Render\D3D11\D3D11DeviceResources.h" />
    <ClInclude Include="Modules\Render\D3D11\D3D11MeshGeometry.h" />
    <ClInclude Include="Modules\Render\D3D11\D3D11Texture.h" />
    <ClInclude Include="Modules\Render\D3D11\D3D11Resources.h" />
    <ClInclude Include="Modules\Render\RResourceManager.h" />
    <ClInclude Include="Modules\Render\RSamplerState.h" />
    <ClInclude Include="Modules\Render\RBlendState.h" />
    <ClInclude Include="Modules\Render\RRasterizerState.h" />
    <ClInclude Include="Modules\Render\GraphicsCommon.h" />
    <ClInclude Include="Modules\Render\RInputLayout.h" />
    <ClInclude Include="Modules\Render\RDepthStencilState.h" />
    <ClInclude Include="Game\GeometryGenerator.h" />
    <ClInclude Include="Game\SObject.h" />
    <ClInclude Include="Game\SSceneObject.h" />
    <ClInclude Include="Game\Camera.h" />
    <ClInclude Include="Game\Skybox.h" />
    <ClInclude Include="Game\Light.h" />
    <ClInclude Include="Modules\Render\RenderConfig.h" />
    <ClInclude Include="Modules\Render\RPostProcess.h" />
    <ClInclude Include="Modules\Render\RenderItem.h" />
    <ClInclude Include="Game\Ocean.h" />
    <ClInclude Include="Modules\Render\Materials\ROceanMaterial.h" />
    <ClInclude Include="Game\OceanDefinition.h" />
    <ClInclude Include="Modules\Render\Materials\RCloudMaterial.h" />
    <ClInclude Include="Game\Cloud.h" />
    <ClInclude Include="Modules\Render\RRenderer.h" />
    <ClInclude Include="Modules\Render\RBuffer.h" />
  </ItemGroup>
  <ItemGroup>
    <ClCompile Include="pch.cpp" />
    <ClCompile Include="Game\Game.cpp" />
    <ClCompile Include="Main.cpp" />
    <ClCompile Include="Modules\Render\Materials\RMaterial.cpp" />
    <ClCompile Include="Modules\Render\D3D11\D3D11Renderer.cpp" />
    <ClCompile Include="Modules\Render\RTexture.cpp" />
    <ClCompile Include="Modules\Render\RMeshGeometry.cpp" />
    <ClCompile Include="Modules\Render\RShader.cpp" />
    <ClCompile Include="Game\Components\MeshComponent.cpp" />
    <ClCompile Include="Modules\Render\D3D11\D3D11DeviceResources.cpp" />
    <ClCompile Include="Modules\Render\D3D11\D3D11MeshGeometry.cpp" />
    <ClCompile Include="Modules\Render\D3D11\D3D11Texture.cpp" />
    <ClCompile Include="Modules\Render\D3D11\D3DUtil.cpp" />
    <ClCompile Include="Modules\Render\D3D11\D3D11Resources.cpp" />
    <ClCompile Include="Modules\Render\D3D11\D3D11ResourceManager.cpp" />
    <ClCompile Include="Modules\Render\RSamplerState.cpp" />
    <ClCompile Include="Modules\Render\RBlendState.cpp" />
    <ClCompile Include="Modules\Render\RRasterizerState.cpp" />
    <ClCompile Include="Modules\Render\RInputLayout.cpp" />
    <ClCompile Include="Modules\Render\RDepthStencilState.cpp" />
    <ClCompile Include="Modules\Render\D3D11\D3D11GraphicsCommon.cpp" />
    <ClCompile Include="Game\GeometryGenerator.cpp" />
    <ClCompile Include="Game\SObject.cpp" />
    <ClCompile Include="Game\SSceneObject.cpp" />
    <ClCompile Include="Game\Camera.cpp" />
    <ClCompile Include="Game\Skybox.cpp" />
    <ClCompile Include="Game\Light.cpp" />
    <ClCompile Include="Modules\Render\D3D11\D3D11PostProcess.cpp" />
    <ClCompile Include="Game\Ocean.cpp" />
    <ClCompile Include="Modules\Render\Materials\ROceanMaterial.cpp" />
    <ClCompile Include="Modules\Render\Materials\RCloudMaterial.cpp" />
    <ClCompile Include="Game\Cloud.cpp" />
    <ClCompile Include="Modules\Render\RRenderer.cpp" />
    <ClCompile Include="Modules\Render\RBuffer.cpp" />
  </ItemGroup>
  <ItemGroup>
    <ResourceCompile Include="resource.rc" />
  </ItemGroup>
  <ItemGroup>
    <Image Include="directx.ico">
      <Filter>Assets</Filter>
    </Image>
  </ItemGroup>
  <ItemGroup>
    <Manifest Include="settings.manifest">
      <Filter>Assets</Filter>
    </Manifest>
  </ItemGroup>
  <ItemGroup>
    <None Include="packages.config" />
    <None Include="Modules\Render\D3D11\Shaders\INCL_BrunetonLighting.hlsli" />
    <None Include="Modules\Render\D3D11\Shaders\INCL_GPURandom.hlsli" />
    <None Include="Modules\Render\D3D11\Shaders\INCL_OceanGlobal.hlsli" />
    <None Include="Modules\Render\D3D11\Shaders\INCL_PBRFunctions.hlsli" />
    <None Include="Modules\Render\D3D11\Shaders\INCL_ShadowFunctions.hlsli" />
    <None Include="Modules\Render\D3D11\Shaders\INCL_CoordinateTransform.hlsli" />
  </ItemGroup>
  <ItemGroup>
    <FxCompile Include="Modules\Render\D3D11\Shaders\VOLUME_PS.hlsl" />
    <FxCompile Include="Modules\Render\D3D11\Shaders\CLOUD_DENSITY_CS.hlsl" />
    <FxCompile Include="Modules\Render\D3D11\Shaders\OCEAN_COMBINE_WAVE_CS.hlsl" />
    <FxCompile Include="Modules\Render\D3D11\Shaders\CUBEMAP_VS.hlsl" />
    <FxCompile Include="Modules\Render\D3D11\Shaders\DOWN_BLUR_CS.hlsl" />
    <FxCompile Include="Modules\Render\D3D11\Shaders\FILTER_COMBINE_PS.hlsl" />
    <FxCompile Include="Modules\Render\D3D11\Shaders\OCEAN_FOAM_SIMULATION_CS.hlsl" />
    <FxCompile Include="Modules\Render\D3D11\Shaders\FOG_PS.hlsl" />
    <FxCompile Include="Modules\Render\D3D11\Shaders\OCEAN_INITIAL_SPECTRUM_CS.hlsl" />
    <FxCompile Include="Modules\Render\D3D11\Shaders\OCEAN_FFT_CS.hlsl" />
    <FxCompile Include="Modules\Render\D3D11\Shaders\OCEAN_SURFACE_PS.hlsl" />
    <FxCompile Include="Modules\Render\D3D11\Shaders\BASIC_PS.hlsl" />
    <FxCompile Include="Modules\Render\D3D11\Shaders\BASIC_VS.hlsl" />
    <FxCompile Include="Modules\Render\D3D11\Shaders\CUBEMAP_PS.hlsl" />
    <FxCompile Include="Modules\Render\D3D11\Shaders\TESSELLATED_QUAD_DS.hlsl" />
    <FxCompile Include="Modules\Render\D3D11\Shaders\TESSELLATED_QUAD_HS.hlsl" />
    <FxCompile Include="Modules\Render\D3D11\Shaders\OCEAN_TIME_DEPENDENT_SPECTRUM_CS.hlsl" />
    <FxCompile Include="Modules\Render\D3D11\Shaders\UP_BLUR_CS.hlsl" />
    <FxCompile Include="Modules\Render\D3D11\Shaders\OCEAN_FFT_POST_PROCESS_CS.hlsl" />
    <FxCompile Include="Modules\Render\D3D11\Shaders\CLOUD_LIGHTING_CS.hlsl" />
    <FxCompile Include="Modules\Render\D3D11\Shaders\DEPTH_ONLY_VS.hlsl" />
    <FxCompile Include="Modules\Render\D3D11\Shaders\DEMO_PS.hlsl" />
    <FxCompile Include="Modules\Render\D3D11\Shaders\QUAD_VS.hlsl" />
    <FxCompile Include="Modules\Render\D3D11\Shaders\SAMPLING_VS.hlsl" />
  </ItemGroup>
  <ItemGroup>
    <Text Include="Modules\Render\D3D11\Shaders\INCL_ShaderTypes.hlsli" />
  </ItemGroup>
</Project>