<?xml version="1.0" encoding="utf-8"?>
<Project ToolsVersion="4.0" xmlns="http://schemas.microsoft.com/developer/msbuild/2003">
  <ItemGroup>
    <Filter Include="Common">
      <UniqueIdentifier>d4a46bcb-7e66-41e6-8f4b-cc9e870f7ecc</UniqueIdentifier>
    </Filter>
    <Filter Include="Assets">
      <UniqueIdentifier>9b0c6983-910c-432f-a280-7200eb685e73</UniqueIdentifier>
      <Extensions>ico;cur;bmp;dds;dlg;fbx;rct;bin;rgs;gif;jpg;jpeg;jpe;resx;tga;tiff;tif;png;wav;mfcribbon-ms</Extensions>
    </Filter>
    <Filter Include="Ocean">
      <UniqueIdentifier>{9320104d-048f-4197-8d9c-3430d9ce4afb}</UniqueIdentifier>
    </Filter>
    <Filter Include="PostProcess">
      <UniqueIdentifier>{24f3df86-4a95-46ad-bc9a-da649b89ca93}</UniqueIdentifier>
    </Filter>
    <Filter Include="Model">
      <UniqueIdentifier>{d0a96982-dafb-4309-a1c3-1bbc6d9bdab2}</UniqueIdentifier>
    </Filter>
    <Filter Include="GUI">
      <UniqueIdentifier>{102b86ee-f9b0-4a19-9799-7326efc058dc}</UniqueIdentifier>
    </Filter>
  </ItemGroup>
  <ItemGroup>
    <ClInclude Include="pch.h" />
    <ClInclude Include="Core\Game.h" />
    <ClInclude Include="Core\StepTimer.h">
      <Filter>Common</Filter>
    </ClInclude>
    <ClInclude Include="SubModules\Render\Core\DeviceResources.h">
      <Filter>Common</Filter>
    </ClInclude>
    <ClInclude Include="SubModules\Render\Scene\Camera.h" />
    <ClInclude Include="SubModules\Render\Core\RenderTexture.h" />
    <ClInclude Include="Core\Ocean\Ocean.h">
      <Filter>Ocean</Filter>
    </ClInclude>
    <ClInclude Include="SubModules\Render\Core\Utility.h">
      <Filter>Common</Filter>
    </ClInclude>
    <ClInclude Include="SubModules\Render\Core\ComputePSO.h">
      <Filter>Common</Filter>
    </ClInclude>
    <ClInclude Include="SubModules\Render\Core\GraphicsCommon.h">
      <Filter>Common</Filter>
    </ClInclude>
    <ClInclude Include="SubModules\Render\Core\GraphicsPSO.h">
      <Filter>Common</Filter>
    </ClInclude>
    <ClInclude Include="Core\Ocean\OceanConstants.h">
      <Filter>Ocean</Filter>
    </ClInclude>
    <ClInclude Include="SubModules\Render\Core\MyPostProcess.h">
      <Filter>PostProcess</Filter>
    </ClInclude>
    <ClInclude Include="Core\Model.h">
      <Filter>Model</Filter>
    </ClInclude>
    <ClInclude Include="SubModules\Render\Mesh\EMeshType.h" />
    <ClInclude Include="SubModules\Render\Scene\SceneLights.h" />
    <ClInclude Include="Core\EModelType.h" />
    <ClInclude Include="SubModules\Render\Mesh\MeshPart.h" />
    <ClInclude Include="SubModules\Render\Scene\SceneStateObject.h" />
    <ClInclude Include="SubModules\Render\Core\IWindowSizeDependent.h" />
    <ClInclude Include="SubModules\Render\Core\DepthTexture.h" />
    <ClInclude Include="SubModules\Render\Core\IDepthRenderable.h" />
    <ClInclude Include="SubModules\Render\Core\DepthOnlyResources.h" />
    <ClInclude Include="Core\Light.h" />
    <ClInclude Include="SubModules\GUI\GUI.h">
      <Filter>GUI</Filter>
    </ClInclude>
    <ClInclude Include="SubModules\GUI\DTOs.h">
      <Filter>GUI</Filter>
    </ClInclude>
    <ClInclude Include="Core\AObject.h">
      <Filter>Common</Filter>
    </ClInclude>
    <ClInclude Include="SubModules\GUI\EGUIType.h">
      <Filter>GUI</Filter>
    </ClInclude>
    <ClInclude Include="Core\AObjectManager.h">
      <Filter>Common</Filter>
    </ClInclude>
    <ClInclude Include="Core\IObjectHandler.h" />
    <ClInclude Include="SubModules\GUI\IGUIComponent.h">
      <Filter>GUI</Filter>
    </ClInclude>
    <ClInclude Include="SubModules\IComponentManager.h">
      <Filter>Common</Filter>
    </ClInclude>
    <ClInclude Include="SubModules\IComponentHandler.h">
      <Filter>Common</Filter>
    </ClInclude>
    <ClInclude Include="SubModules\IComponent.h">
      <Filter>Common</Filter>
    </ClInclude>
    <ClInclude Include="SubModules\GUI\IMGUI\IMGUIController.h" />
    <ClInclude Include="Core\ModelLoader.h" />
    <ClInclude Include="SubModules\Render\Mesh\MeshCommon.h" />
    <ClInclude Include="Core\Cloud.h" />
    <ClInclude Include="SubModules\Render\Core\VolumetricTexture.h" />
    <ClInclude Include="SubModules\Render\IRenderer.h" />
    <ClInclude Include="SubModules\Render\Core\MeshGeometry.h" />
    <ClInclude Include="Core\Components\Material.h" />
    <ClInclude Include="SubModules\Render\RenderDefs.h" />
    <ClInclude Include="SubModules\Render\D3D11\D3D11Renderer.h" />
    <ClInclude Include="SubModules\Render\RTexture2D.h" />
    <ClInclude Include="SubModules\Render\RTextureVolume.h" />
    <ClInclude Include="SubModules\Render\RMeshGeometry.h" />
    <ClInclude Include="SubModules\Render\RConstantBuffer.h" />
    <ClInclude Include="SubModules\Render\RShader.h" />
    <ClInclude Include="Core\Components\MeshComponent.h" />
    <ClInclude Include="Core\Components\Cloud\CloudMeshComponent.h" />
    <ClInclude Include="Core\Components\Ocean\OceanMeshComponent.h" />
    <ClInclude Include="SubModules\Render\RSamplerState.h" />
    <ClInclude Include="SubModules\Render\D3D11\D3DUtil.h" />
    <ClInclude Include="SubModules\Render\D3D11\D3D11DeviceResources.h" />
    <ClInclude Include="SubModules\Render\DXUtils.h" />
    <ClInclude Include="SubModules\Render\D3D11\D3D11MeshGeometry.h" />
    <ClInclude Include="SubModules\Render\D3D11\D3D11Texture2D.h" />
    <ClInclude Include="SubModules\Render\D3D11\D3D11ConstantBuffer.h" />
  </ItemGroup>
  <ItemGroup>
    <ClCompile Include="pch.cpp" />
    <ClCompile Include="Core\Game.cpp" />
    <ClCompile Include="Main.cpp" />
    <ClCompile Include="SubModules\Render\Core\DeviceResources.cpp">
      <Filter>Common</Filter>
    </ClCompile>
    <ClCompile Include="SubModules\Render\Scene\Camera.cpp" />
    <ClCompile Include="SubModules\Render\Core\RenderTexture.cpp" />
    <ClCompile Include="Core\Ocean\Ocean.cpp">
      <Filter>Ocean</Filter>
    </ClCompile>
    <ClCompile Include="SubModules\Render\Core\Utility.cpp">
      <Filter>Common</Filter>
    </ClCompile>
    <ClCompile Include="SubModules\Render\Core\GraphicsCommon.cpp">
      <Filter>Common</Filter>
    </ClCompile>
    <ClCompile Include="SubModules\Render\Core\GraphicsPSO.cpp">
      <Filter>Common</Filter>
    </ClCompile>
    <ClCompile Include="SubModules\Render\Core\MyPostProcess.cpp">
      <Filter>PostProcess</Filter>
    </ClCompile>
    <ClCompile Include="Core\Model.cpp">
      <Filter>Model</Filter>
    </ClCompile>
    <ClCompile Include="SubModules\Render\Scene\SceneLights.cpp" />
    <ClCompile Include="SubModules\Render\Mesh\MeshPart.cpp" />
    <ClCompile Include="SubModules\Render\Scene\SceneStateObject.cpp" />
    <ClCompile Include="SubModules\Render\Core\DepthTexture.cpp" />
    <ClCompile Include="SubModules\Render\Core\DepthOnlyResources.cpp" />
    <ClCompile Include="Core\Light.cpp" />
    <ClCompile Include="SubModules\GUI\GUI.cpp">
      <Filter>GUI</Filter>
    </ClCompile>
    <ClCompile Include="Core\AObject.cpp">
      <Filter>Common</Filter>
    </ClCompile>
    <ClCompile Include="Core\AObjectManager.cpp">
      <Filter>Common</Filter>
    </ClCompile>
    <ClCompile Include="SubModules\IComponentManager.cpp">
      <Filter>Common</Filter>
    </ClCompile>
    <ClCompile Include="SubModules\GUI\DTOs.cpp" />
    <ClCompile Include="SubModules\GUI\IMGUI\IMGUIController.cpp" />
    <ClCompile Include="Core\ModelLoader.cpp" />
    <ClCompile Include="Core\Cloud.cpp" />
    <ClCompile Include="SubModules\Render\Core\VolumetricTexture.cpp" />
    <ClCompile Include="SubModules\Render\Core\MeshGeometry.cpp" />
    <ClCompile Include="Core\Components\Material.cpp" />
    <ClCompile Include="SubModules\Render\D3D11\D3D11Renderer.cpp" />
    <ClCompile Include="SubModules\Render\RTexture2D.cpp" />
    <ClCompile Include="SubModules\Render\RTextureVolume.cpp" />
    <ClCompile Include="SubModules\Render\RMeshGeometry.cpp" />
    <ClCompile Include="SubModules\Render\RConstantBuffer.cpp" />
    <ClCompile Include="SubModules\Render\RShader.cpp" />
    <ClCompile Include="Core\Components\MeshComponent.cpp" />
    <ClCompile Include="Core\Components\Cloud\CloudMeshComponent.cpp" />
    <ClCompile Include="Core\Components\Ocean\OceanMeshComponent.cpp" />
    <ClCompile Include="SubModules\Render\RSamplerState.cpp" />
    <ClCompile Include="SubModules\Render\D3D11\D3D11DeviceResources.cpp" />
    <ClCompile Include="SubModules\Render\D3D11\D3D11MeshGeometry.cpp" />
    <ClCompile Include="SubModules\Render\D3D11\D3D11Texture2D.cpp" />
    <ClCompile Include="SubModules\Render\D3D11\D3D11ConstantBuffer.cpp" />
  </ItemGroup>
  <ItemGroup>
    <ResourceCompile Include="resource.rc" />
  </ItemGroup>
  <ItemGroup>
    <Image Include="directx.ico">
      <Filter>Assets</Filter>
    </Image>
  </ItemGroup>
  <ItemGroup>
    <Manifest Include="settings.manifest">
      <Filter>Assets</Filter>
    </Manifest>
  </ItemGroup>
  <ItemGroup>
    <None Include="packages.config" />
    <None Include="SubModules\Render\Shaders1\BrunetonLighting.hlsli" />
    <None Include="SubModules\Render\Shaders1\GPURandom.hlsli" />
    <None Include="SubModules\Render\Shaders1\OceanGlobal.hlsli" />
    <None Include="SubModules\Render\Shaders1\PBRCommons.hlsli" />
    <None Include="SubModules\Render\Shaders1\RenderingCommons.hlsli" />
    <None Include="SubModules\Render\Shaders1\ScreenSpace.hlsli" />
    <None Include="SubModules\Render\Shaders1\ShaderTypes.hlsli" />
  </ItemGroup>
  <ItemGroup>
    <FxCompile Include="SubModules\Render\Shaders\PBRVS.hlsl" />
    <FxCompile Include="SubModules\Render\Shaders\PBRPS.hlsl" />
    <FxCompile Include="SubModules\Render\Shaders\InitialOceanSpectrumCS.hlsl">
      <Filter>Ocean</Filter>
    </FxCompile>
    <FxCompile Include="SubModules\Render\Shaders\TimeDependentWaveSpectrumCS.hlsl">
      <Filter>Ocean</Filter>
    </FxCompile>
    <FxCompile Include="SubModules\Render\Shaders\OceanFFTCS.hlsl">
      <Filter>Ocean</Filter>
    </FxCompile>
    <FxCompile Include="SubModules\Render\Shaders\CombineWaveCS.hlsl">
      <Filter>Ocean</Filter>
    </FxCompile>
    <FxCompile Include="SubModules\Render\Shaders\FilterCombinePS.hlsl">
      <Filter>PostProcess</Filter>
    </FxCompile>
    <FxCompile Include="SubModules\Render\Shaders\ScreenQuadVS.hlsl">
      <Filter>PostProcess</Filter>
    </FxCompile>
    <FxCompile Include="SubModules\Render\Shaders\upBlurCS.hlsl">
      <Filter>PostProcess</Filter>
    </FxCompile>
    <FxCompile Include="SubModules\Render\Shaders\downBlurCS.hlsl">
      <Filter>PostProcess</Filter>
    </FxCompile>
    <FxCompile Include="SubModules\Render\Shaders\TessellatedQuadHS.hlsl">
      <Filter>Model</Filter>
    </FxCompile>
    <FxCompile Include="SubModules\Render\Shaders\TessellatedQuadDS.hlsl">
      <Filter>Model</Filter>
    </FxCompile>
    <FxCompile Include="SubModules\Render\Shaders\FoamSimulationCS.hlsl">
      <Filter>Ocean</Filter>
    </FxCompile>
    <FxCompile Include="SubModules\Render\Shaders\FogPS.hlsl" />
    <FxCompile Include="SubModules\Render\Shaders\OceanSurfacePS.hlsl">
      <Filter>Ocean</Filter>
    </FxCompile>
    <FxCompile Include="SubModules\Render\Shaders\SamplingVS.hlsl" />
    <FxCompile Include="SubModules\Render\Shaders\skyboxPS.hlsl" />
    <FxCompile Include="SubModules\Render\Shaders\cubemapVS.hlsl" />
    <FxCompile Include="SubModules\Render\Shaders\ScreenSpace.hlsli" />
    <FxCompile Include="SubModules\Render\Shaders\RenderingCommons.hlsli" />
    <FxCompile Include="SubModules\Render\Shaders\PBRCommons.hlsli" />
    <FxCompile Include="SubModules\Render\Shaders\OceanGlobal.hlsli">
      <Filter>Ocean</Filter>
    </FxCompile>
    <FxCompile Include="SubModules\Render\Shaders\GPURandom.hlsli">
      <Filter>Ocean</Filter>
    </FxCompile>
    <FxCompile Include="SubModules\Render\Shaders\BrunetonLighting.hlsli">
      <Filter>Ocean</Filter>
    </FxCompile>
    <FxCompile Include="SubModules\Render\Shaders\VolumePS.hlsl" />
    <FxCompile Include="SubModules\Render\Shaders\CloudCS.hlsl" />
    <FxCompile Include="SubModules\Render\Shaders1\VOLUME_PS.hlsl" />
    <FxCompile Include="SubModules\Render\Shaders1\CLOUD_CS.hlsl" />
    <FxCompile Include="SubModules\Render\Shaders1\OCEAN_COMBINE_WAVE_CS.hlsl" />
    <FxCompile Include="SubModules\Render\Shaders1\CUBEMAP_VS.hlsl" />
    <FxCompile Include="SubModules\Render\Shaders1\DOWN_BLUR_CS.hlsl" />
    <FxCompile Include="SubModules\Render\Shaders1\FILTER_COMBINE_CS.hlsl" />
    <FxCompile Include="SubModules\Render\Shaders1\OCEAN_FOAM_SIMULATION_CS.hlsl" />
    <FxCompile Include="SubModules\Render\Shaders1\FOG_PS.hlsl" />
    <FxCompile Include="SubModules\Render\Shaders1\OCEAN_INITIAL_SPECTRUM_CS.hlsl" />
    <FxCompile Include="SubModules\Render\Shaders1\OCEAN_FFT_CS.hlsl" />
    <FxCompile Include="SubModules\Render\Shaders1\OCEAN_SURFACE_PS.hlsl" />
    <FxCompile Include="SubModules\Render\Shaders1\BASIC_PS.hlsl" />
    <FxCompile Include="SubModules\Render\Shaders1\BASIC_VS.hlsl" />
    <FxCompile Include="SubModules\Render\Shaders1\SAMPLING_VS.hlsl" />
    <FxCompile Include="SubModules\Render\Shaders1\QUAD_VS.hlsl" />
    <FxCompile Include="SubModules\Render\Shaders1\CUBEMAP_PS.hlsl" />
    <FxCompile Include="SubModules\Render\Shaders1\QUAD_TESSELLATED_DS.hlsl" />
    <FxCompile Include="SubModules\Render\Shaders1\QUAD_TESSELLATED_HS.hlsl" />
    <FxCompile Include="SubModules\Render\Shaders1\OCEAN_TIMEDPENDENT_SPECTRUM_CS.hlsl" />
    <FxCompile Include="SubModules\Render\Shaders1\UP_BLUR_CS.hlsl" />
  </ItemGroup>
  <ItemGroup>
    <Text Include="SubModules\Render\Shaders\ShaderTypes.hlsli" />
  </ItemGroup>
</Project>