<?xml version="1.0" encoding="utf-8"?>
<Project ToolsVersion="4.0" xmlns="http://schemas.microsoft.com/developer/msbuild/2003">
  <ItemGroup>
    <Filter Include="Common">
      <UniqueIdentifier>d4a46bcb-7e66-41e6-8f4b-cc9e870f7ecc</UniqueIdentifier>
    </Filter>
    <Filter Include="Assets">
      <UniqueIdentifier>9b0c6983-910c-432f-a280-7200eb685e73</UniqueIdentifier>
      <Extensions>ico;cur;bmp;dds;dlg;fbx;rct;bin;rgs;gif;jpg;jpeg;jpe;resx;tga;tiff;tif;png;wav;mfcribbon-ms</Extensions>
    </Filter>
    <Filter Include="Ocean">
      <UniqueIdentifier>{9320104d-048f-4197-8d9c-3430d9ce4afb}</UniqueIdentifier>
    </Filter>
    <Filter Include="PostProcess">
      <UniqueIdentifier>{24f3df86-4a95-46ad-bc9a-da649b89ca93}</UniqueIdentifier>
    </Filter>
    <Filter Include="BasicGeometry">
      <UniqueIdentifier>{d0a96982-dafb-4309-a1c3-1bbc6d9bdab2}</UniqueIdentifier>
    </Filter>
    <Filter Include="DepthMap">
      <UniqueIdentifier>{1f3df9b2-d454-4771-bd0a-a89d216387ac}</UniqueIdentifier>
    </Filter>
  </ItemGroup>
  <ItemGroup>
    <ClInclude Include="pch.h" />
    <ClInclude Include="Game.h" />
    <ClInclude Include="StepTimer.h">
      <Filter>Common</Filter>
    </ClInclude>
    <ClInclude Include="DeviceResources.h">
      <Filter>Common</Filter>
    </ClInclude>
    <ClInclude Include="Model.h" />
    <ClInclude Include="ModelMeshPart.h" />
    <ClInclude Include="Camera.h" />
    <ClInclude Include="RenderTexture.h" />
    <ClInclude Include="Ocean.h">
      <Filter>Ocean</Filter>
    </ClInclude>
    <ClInclude Include="Utility.h">
      <Filter>Common</Filter>
    </ClInclude>
    <ClInclude Include="ComputePSO.h">
      <Filter>Common</Filter>
    </ClInclude>
    <ClInclude Include="GraphicsCommon.h">
      <Filter>Common</Filter>
    </ClInclude>
    <ClInclude Include="GraphicsPSO.h">
      <Filter>Common</Filter>
    </ClInclude>
    <ClInclude Include="OceanConstants.h">
      <Filter>Ocean</Filter>
    </ClInclude>
    <ClInclude Include="PostProcess.h">
      <Filter>PostProcess</Filter>
    </ClInclude>
    <ClInclude Include="BasicGeometry.h">
      <Filter>BasicGeometry</Filter>
    </ClInclude>
  </ItemGroup>
  <ItemGroup>
    <ClCompile Include="pch.cpp" />
    <ClCompile Include="Game.cpp" />
    <ClCompile Include="Main.cpp" />
    <ClCompile Include="DeviceResources.cpp">
      <Filter>Common</Filter>
    </ClCompile>
    <ClCompile Include="Model.cpp" />
    <ClCompile Include="ModelMeshPart.cpp" />
    <ClCompile Include="Camera.cpp" />
    <ClCompile Include="RenderTexture.cpp" />
    <ClCompile Include="Ocean.cpp">
      <Filter>Ocean</Filter>
    </ClCompile>
    <ClCompile Include="Utility.cpp">
      <Filter>Common</Filter>
    </ClCompile>
    <ClCompile Include="GraphicsCommon.cpp">
      <Filter>Common</Filter>
    </ClCompile>
    <ClCompile Include="GraphicsPSO.cpp">
      <Filter>Common</Filter>
    </ClCompile>
    <ClCompile Include="PostProcess.cpp">
      <Filter>PostProcess</Filter>
    </ClCompile>
    <ClCompile Include="BasicGeometry.cpp">
      <Filter>BasicGeometry</Filter>
    </ClCompile>
  </ItemGroup>
  <ItemGroup>
    <ResourceCompile Include="resource.rc" />
  </ItemGroup>
  <ItemGroup>
    <Image Include="directx.ico">
      <Filter>Assets</Filter>
    </Image>
    <Image Include="earth.bmp">
      <Filter>Assets</Filter>
    </Image>
    <Image Include="skybox.dds">
      <Filter>Assets</Filter>
    </Image>
  </ItemGroup>
  <ItemGroup>
    <Manifest Include="settings.manifest">
      <Filter>Assets</Filter>
    </Manifest>
  </ItemGroup>
  <ItemGroup>
    <None Include="packages.config" />
    <None Include="Common.hlsli" />
    <None Include="OceanGlobal.hlsli">
      <Filter>Ocean</Filter>
    </None>
    <None Include="GPURandom.hlsli">
      <Filter>Ocean</Filter>
    </None>
  </ItemGroup>
  <ItemGroup>
    <FxCompile Include="PBRVS.hlsl" />
    <FxCompile Include="CubemapPS.hlsl" />
    <FxCompile Include="CubemapVS.hlsl" />
    <FxCompile Include="PBRPS.hlsl" />
    <FxCompile Include="InitialOceanSpectrumCS.hlsl">
      <Filter>Ocean</Filter>
    </FxCompile>
    <FxCompile Include="TimeDependentWaveSpectrumCS.hlsl">
      <Filter>Ocean</Filter>
    </FxCompile>
    <FxCompile Include="OceanFFTCS.hlsl">
      <Filter>Ocean</Filter>
    </FxCompile>
    <FxCompile Include="CombineWaveCS.hlsl">
      <Filter>Ocean</Filter>
    </FxCompile>
    <FxCompile Include="FilterCombinePS.hlsl">
      <Filter>PostProcess</Filter>
    </FxCompile>
    <FxCompile Include="ScreenQuadVS.hlsl">
      <Filter>PostProcess</Filter>
    </FxCompile>
    <FxCompile Include="upBlurCS.hlsl">
      <Filter>PostProcess</Filter>
    </FxCompile>
    <FxCompile Include="downBlurCS.hlsl">
      <Filter>PostProcess</Filter>
    </FxCompile>
    <FxCompile Include="TessellatedQuadHS.hlsl">
      <Filter>BasicGeometry</Filter>
    </FxCompile>
    <FxCompile Include="TessellatedQuadDS.hlsl">
      <Filter>BasicGeometry</Filter>
    </FxCompile>
    <FxCompile Include="OceanPS.hlsl">
      <Filter>Ocean</Filter>
    </FxCompile>
    <FxCompile Include="DepthOnlyShaders.hlsl">
      <Filter>DepthMap</Filter>
    </FxCompile>
  </ItemGroup>
</Project>